
Microsoft Visual Studio Solution File, Format Version 12.00
# Visual Studio 2012
Project("{FAE04EC0-301F-11D3-BF4B-00C04F79EFBC}") = "Aliencube.Owin.Page404", "Aliencube.Owin.Page404\Aliencube.Owin.Page404.csproj", "{0F109E0C-EC93-4425-B189-82657F44E320}"
EndProject
Project("{FAE04EC0-301F-11D3-BF4B-00C04F79EFBC}") = "Aliencube.Owin.Page404.Tests", "Aliencube.Owin.Page404.Tests\Aliencube.Owin.Page404.Tests.csproj", "{682ED2D3-2C92-435E-BCE8-40AF858C88E7}"
EndProject
Project("{2150E333-8FDC-42A3-9474-1A3956D46DE8}") = ".nuget", ".nuget", "{AA480F48-A84F-4B9D-9959-2763DA601FFE}"
	ProjectSection(SolutionItems) = preProject
		.nuget\packages.config = .nuget\packages.config
	EndProjectSection
EndProject
Project("{2150E333-8FDC-42A3-9474-1A3956D46DE8}") = "Documents", "Documents", "{BD292878-9EE8-4880-9ED2-DF6062E6BCA1}"
EndProject
Project("{2150E333-8FDC-42A3-9474-1A3956D46DE8}") = "Properties", "Properties", "{E985B092-7801-4014-98B8-F9850F672739}"
	ProjectSection(SolutionItems) = preProject
		..\Documents\Properties\SharedAssemblyInfo.cs = ..\Documents\Properties\SharedAssemblyInfo.cs
	EndProjectSection
EndProject
Global
	GlobalSection(SolutionConfigurationPlatforms) = preSolution
		Debug|Any CPU = Debug|Any CPU
		Release|Any CPU = Release|Any CPU
	EndGlobalSection
	GlobalSection(ProjectConfigurationPlatforms) = postSolution
		{0F109E0C-EC93-4425-B189-82657F44E320}.Debug|Any CPU.ActiveCfg = Debug|Any CPU
		{0F109E0C-EC93-4425-B189-82657F44E320}.Debug|Any CPU.Build.0 = Debug|Any CPU
		{0F109E0C-EC93-4425-B189-82657F44E320}.Release|Any CPU.ActiveCfg = Release|Any CPU
		{0F109E0C-EC93-4425-B189-82657F44E320}.Release|Any CPU.Build.0 = Release|Any CPU
		{682ED2D3-2C92-435E-BCE8-40AF858C88E7}.Debug|Any CPU.ActiveCfg = Debug|Any CPU
		{682ED2D3-2C92-435E-BCE8-40AF858C88E7}.Debug|Any CPU.Build.0 = Debug|Any CPU
		{682ED2D3-2C92-435E-BCE8-40AF858C88E7}.Release|Any CPU.ActiveCfg = Release|Any CPU
		{682ED2D3-2C92-435E-BCE8-40AF858C88E7}.Release|Any CPU.Build.0 = Release|Any CPU
	EndGlobalSection
	GlobalSection(SolutionProperties) = preSolution
		HideSolutionNode = FALSE
	EndGlobalSection
	GlobalSection(NestedProjects) = preSolution
		{E985B092-7801-4014-98B8-F9850F672739} = {BD292878-9EE8-4880-9ED2-DF6062E6BCA1}
	EndGlobalSection
EndGlobal
